
Microsoft Visual Studio Solution File, Format Version 12.00
# Visual Studio Version 17
VisualStudioVersion = 17.5.33530.505
MinimumVisualStudioVersion = 10.0.40219.1
Project("{FAE04EC0-301F-11D3-BF4B-00C04F79EFBC}") = "The_Last_13_Lessons", "The_Last_13_Lessons\The_Last_13_Lessons.csproj", "{199E1ECF-B0D3-419E-940F-325B294952C2}"
EndProject
Global
	GlobalSection(SolutionConfigurationPlatforms) = preSolution
		Debug|Any CPU = Debug|Any CPU
		Release|Any CPU = Release|Any CPU
	EndGlobalSection
	GlobalSection(ProjectConfigurationPlatforms) = postSolution
		{199E1ECF-B0D3-419E-940F-325B294952C2}.Debug|Any CPU.ActiveCfg = Debug|Any CPU
		{199E1ECF-B0D3-419E-940F-325B294952C2}.Debug|Any CPU.Build.0 = Debug|Any CPU
		{199E1ECF-B0D3-419E-940F-325B294952C2}.Release|Any CPU.ActiveCfg = Release|Any CPU
		{199E1ECF-B0D3-419E-940F-325B294952C2}.Release|Any CPU.Build.0 = Release|Any CPU
	EndGlobalSection
	GlobalSection(SolutionProperties) = preSolution
		HideSolutionNode = FALSE
	EndGlobalSection
	GlobalSection(ExtensibilityGlobals) = postSolution
		SolutionGuid = {68C731EA-D3CF-4A09-AF4E-A05177F92C2B}
	EndGlobalSection
EndGlobal
